
Microsoft Visual Studio Solution File, Format Version 12.00
Project("{FAE04EC0-301F-11D3-BF4B-00C04F79EFBC}") = "hello_script", "hello_script\hello_script.csproj", "{CFB77EC1-FA16-4227-AC15-35160EBB6A92}"
EndProject
Global
	GlobalSection(SolutionConfigurationPlatforms) = preSolution
		Debug|Any CPU = Debug|Any CPU
		Release|Any CPU = Release|Any CPU
	EndGlobalSection
	GlobalSection(ProjectConfigurationPlatforms) = postSolution
		{CFB77EC1-FA16-4227-AC15-35160EBB6A92}.Debug|Any CPU.ActiveCfg = Debug|Any CPU
		{CFB77EC1-FA16-4227-AC15-35160EBB6A92}.Debug|Any CPU.Build.0 = Debug|Any CPU
		{CFB77EC1-FA16-4227-AC15-35160EBB6A92}.Release|Any CPU.ActiveCfg = Release|Any CPU
		{CFB77EC1-FA16-4227-AC15-35160EBB6A92}.Release|Any CPU.Build.0 = Release|Any CPU
	EndGlobalSection
EndGlobal
